
Microsoft Visual Studio Solution File, Format Version 12.00
# Visual Studio Version 16
VisualStudioVersion = 16.0.30503.244
MinimumVisualStudioVersion = 10.0.40219.1
Project("{FAE04EC0-301F-11D3-BF4B-00C04F79EFBC}") = "ViewMonitor", "ViewMonitor\ViewMonitor.csproj", "{3EDACD9B-B644-48D1-A343-89746992EC26}"
EndProject
Global
	GlobalSection(SolutionConfigurationPlatforms) = preSolution
		Debug|Any CPU = Debug|Any CPU
		Release|Any CPU = Release|Any CPU
	EndGlobalSection
	GlobalSection(ProjectConfigurationPlatforms) = postSolution
		{3EDACD9B-B644-48D1-A343-89746992EC26}.Debug|Any CPU.ActiveCfg = Debug|Any CPU
		{3EDACD9B-B644-48D1-A343-89746992EC26}.Debug|Any CPU.Build.0 = Debug|Any CPU
		{3EDACD9B-B644-48D1-A343-89746992EC26}.Release|Any CPU.ActiveCfg = Release|Any CPU
		{3EDACD9B-B644-48D1-A343-89746992EC26}.Release|Any CPU.Build.0 = Release|Any CPU
	EndGlobalSection
	GlobalSection(SolutionProperties) = preSolution
		HideSolutionNode = FALSE
	EndGlobalSection
	GlobalSection(ExtensibilityGlobals) = postSolution
		SolutionGuid = {39BCC039-A20E-4476-ADFA-F19B374C7BF8}
	EndGlobalSection
EndGlobal
